
Microsoft Visual Studio Solution File, Format Version 12.00
# Visual Studio Version 16
VisualStudioVersion = 16.0.30225.117
MinimumVisualStudioVersion = 10.0.40219.1
Project("{9A19103F-16F7-4668-BE54-9A1E7A4F7556}") = "owl_mysql", "Source\owl_mysql\owl_mysql.csproj", "{6531FF70-1D34-456B-A9F3-566F6BDA9702}"
EndProject
Project("{9A19103F-16F7-4668-BE54-9A1E7A4F7556}") = "owl_account_system.server", "Source\owl_account_system\owl_account_system.server.csproj", "{EB0D4FB7-BCE1-4283-BE4B-3914FCAD4972}"
EndProject
Project("{9A19103F-16F7-4668-BE54-9A1E7A4F7556}") = "owl_core", "Source\owl_core\owl_core.csproj", "{053F1949-E2A7-493C-97AC-3D26F626216B}"
	ProjectSection(ProjectDependencies) = postProject
		{81074CB8-1A48-49B6-AACD-5F402F09AC26} = {81074CB8-1A48-49B6-AACD-5F402F09AC26}
	EndProjectSection
EndProject
Project("{9A19103F-16F7-4668-BE54-9A1E7A4F7556}") = "owl_chat.server", "Source\owl_chat\owl_chat.server.csproj", "{1E80738E-89DB-4D9E-AD79-3919AB54CA6A}"
EndProject
Project("{9A19103F-16F7-4668-BE54-9A1E7A4F7556}") = "owl_vehicles.server", "Source\owl_vehicles\owl_vehicles.server.csproj", "{F0529D14-737B-49E0-AB40-9DB8013404BE}"
	ProjectSection(ProjectDependencies) = postProject
		{EB83550D-A5BC-4E45-94FF-1673ADE64DE6} = {EB83550D-A5BC-4E45-94FF-1673ADE64DE6}
	EndProjectSection
EndProject
Project("{9A19103F-16F7-4668-BE54-9A1E7A4F7556}") = "FactionSystem", "Source\owl_factions\FactionSystem.csproj", "{FDC8AAE8-4DCC-460C-8681-AB36B774FB80}"
EndProject
Project("{9A19103F-16F7-4668-BE54-9A1E7A4F7556}") = "ItemSystem", "Source\owl_items\ItemSystem.csproj", "{EB83550D-A5BC-4E45-94FF-1673ADE64DE6}"
EndProject
Project("{9A19103F-16F7-4668-BE54-9A1E7A4F7556}") = "VehicleStore", "Source\owl_vehicle_store\VehicleStore.csproj", "{6D21C8E9-BCB5-4084-93FD-D87000822CD5}"
EndProject
Project("{9A19103F-16F7-4668-BE54-9A1E7A4F7556}") = "owl_jobs.server", "Source\owl_jobs\owl_jobs.server.csproj", "{245BF102-697D-40E4-B31D-D81960B67963}"
EndProject
Project("{9A19103F-16F7-4668-BE54-9A1E7A4F7556}") = "owl_banking.server", "Source\owl_banking\owl_banking.server.csproj", "{A836FFE7-CC7A-4FA4-8E4F-485A47568432}"
EndProject
Project("{9A19103F-16F7-4668-BE54-9A1E7A4F7556}") = "owl_properties.server", "Source\owl_properties\owl_properties.server.csproj", "{401874F1-1077-43DA-BAF8-EB238692A20C}"
EndProject
Project("{9A19103F-16F7-4668-BE54-9A1E7A4F7556}") = "HTTP", "Source\owl_http\HTTP.csproj", "{12CF73B9-BB8E-4697-A4C8-DB13B2719741}"
EndProject
Project("{9A19103F-16F7-4668-BE54-9A1E7A4F7556}") = "owl_animations.server", "Source\owl_animations\owl_animations.server.csproj", "{7780586B-87D2-48A9-A6A8-591322A91108}"
EndProject
Project("{9A19103F-16F7-4668-BE54-9A1E7A4F7556}") = "StoreSystem", "Source\owl_stores\StoreSystem.csproj", "{D54F1007-D9E1-47B6-838D-3EA52E33925A}"
EndProject
Project("{9A19103F-16F7-4668-BE54-9A1E7A4F7556}") = "AntiCheatSystem", "Source\owl_anticheat\AntiCheatSystem.csproj", "{CC3C8592-6FFA-4D85-87EA-9D835266C4E2}"
EndProject
Project("{9A19103F-16F7-4668-BE54-9A1E7A4F7556}") = "Admin", "Source\owl_admin\Admin.csproj", "{6CEDE741-BAB8-4314-9428-B14A9ADCF95B}"
EndProject
Project("{9A19103F-16F7-4668-BE54-9A1E7A4F7556}") = "owl_achievements.server", "Source\owl_achievements\owl_achievements.server.csproj", "{49F8FDF9-5F2D-4823-88A9-3F85CC02917F}"
EndProject
Project("{9A19103F-16F7-4668-BE54-9A1E7A4F7556}") = "Cooker", "Source\Cooker\Cooker.csproj", "{AECBEA03-B37A-4885-98EA-79AC30464DB0}"
EndProject
Project("{9A19103F-16F7-4668-BE54-9A1E7A4F7556}") = "Boot", "Source\owl_boot\Boot.csproj", "{FADF88E1-6CFD-4623-8F0B-EC515D8D7555}"
	ProjectSection(ProjectDependencies) = postProject
		{245BF102-697D-40E4-B31D-D81960B67963} = {245BF102-697D-40E4-B31D-D81960B67963}
		{AECBEA03-B37A-4885-98EA-79AC30464DB0} = {AECBEA03-B37A-4885-98EA-79AC30464DB0}
		{D54F1007-D9E1-47B6-838D-3EA52E33925A} = {D54F1007-D9E1-47B6-838D-3EA52E33925A}
		{EB83550D-A5BC-4E45-94FF-1673ADE64DE6} = {EB83550D-A5BC-4E45-94FF-1673ADE64DE6}
		{F0529D14-737B-49E0-AB40-9DB8013404BE} = {F0529D14-737B-49E0-AB40-9DB8013404BE}
		{6CEDE741-BAB8-4314-9428-B14A9ADCF95B} = {6CEDE741-BAB8-4314-9428-B14A9ADCF95B}
		{053F1949-E2A7-493C-97AC-3D26F626216B} = {053F1949-E2A7-493C-97AC-3D26F626216B}
		{7780586B-87D2-48A9-A6A8-591322A91108} = {7780586B-87D2-48A9-A6A8-591322A91108}
		{6531FF70-1D34-456B-A9F3-566F6BDA9702} = {6531FF70-1D34-456B-A9F3-566F6BDA9702}
		{1E80738E-89DB-4D9E-AD79-3919AB54CA6A} = {1E80738E-89DB-4D9E-AD79-3919AB54CA6A}
		{CC3C8592-6FFA-4D85-87EA-9D835266C4E2} = {CC3C8592-6FFA-4D85-87EA-9D835266C4E2}
		{EB0D4FB7-BCE1-4283-BE4B-3914FCAD4972} = {EB0D4FB7-BCE1-4283-BE4B-3914FCAD4972}
		{12CF73B9-BB8E-4697-A4C8-DB13B2719741} = {12CF73B9-BB8E-4697-A4C8-DB13B2719741}
		{A836FFE7-CC7A-4FA4-8E4F-485A47568432} = {A836FFE7-CC7A-4FA4-8E4F-485A47568432}
		{FDC8AAE8-4DCC-460C-8681-AB36B774FB80} = {FDC8AAE8-4DCC-460C-8681-AB36B774FB80}
		{6D21C8E9-BCB5-4084-93FD-D87000822CD5} = {6D21C8E9-BCB5-4084-93FD-D87000822CD5}
		{401874F1-1077-43DA-BAF8-EB238692A20C} = {401874F1-1077-43DA-BAF8-EB238692A20C}
		{49F8FDF9-5F2D-4823-88A9-3F85CC02917F} = {49F8FDF9-5F2D-4823-88A9-3F85CC02917F}
	EndProjectSection
EndProject
Project("{9A19103F-16F7-4668-BE54-9A1E7A4F7556}") = "CookAssets", "Source\CookAssets\CookAssets.csproj", "{F99E8176-ACE8-4178-8D90-917A0A97822A}"
	ProjectSection(ProjectDependencies) = postProject
		{245BF102-697D-40E4-B31D-D81960B67963} = {245BF102-697D-40E4-B31D-D81960B67963}
		{AECBEA03-B37A-4885-98EA-79AC30464DB0} = {AECBEA03-B37A-4885-98EA-79AC30464DB0}
		{D54F1007-D9E1-47B6-838D-3EA52E33925A} = {D54F1007-D9E1-47B6-838D-3EA52E33925A}
		{EB83550D-A5BC-4E45-94FF-1673ADE64DE6} = {EB83550D-A5BC-4E45-94FF-1673ADE64DE6}
		{A773CC0F-CDFE-449F-A0EA-AAC703B41625} = {A773CC0F-CDFE-449F-A0EA-AAC703B41625}
		{F0529D14-737B-49E0-AB40-9DB8013404BE} = {F0529D14-737B-49E0-AB40-9DB8013404BE}
		{9FB22138-333D-4154-955E-4F7027DAD758} = {9FB22138-333D-4154-955E-4F7027DAD758}
		{6CEDE741-BAB8-4314-9428-B14A9ADCF95B} = {6CEDE741-BAB8-4314-9428-B14A9ADCF95B}
		{053F1949-E2A7-493C-97AC-3D26F626216B} = {053F1949-E2A7-493C-97AC-3D26F626216B}
		{7780586B-87D2-48A9-A6A8-591322A91108} = {7780586B-87D2-48A9-A6A8-591322A91108}
		{6531FF70-1D34-456B-A9F3-566F6BDA9702} = {6531FF70-1D34-456B-A9F3-566F6BDA9702}
		{C2AAF17A-D921-4760-A26A-B3D9C30FA672} = {C2AAF17A-D921-4760-A26A-B3D9C30FA672}
		{1E80738E-89DB-4D9E-AD79-3919AB54CA6A} = {1E80738E-89DB-4D9E-AD79-3919AB54CA6A}
		{CC3C8592-6FFA-4D85-87EA-9D835266C4E2} = {CC3C8592-6FFA-4D85-87EA-9D835266C4E2}
		{EB0D4FB7-BCE1-4283-BE4B-3914FCAD4972} = {EB0D4FB7-BCE1-4283-BE4B-3914FCAD4972}
		{81074CB8-1A48-49B6-AACD-5F402F09AC26} = {81074CB8-1A48-49B6-AACD-5F402F09AC26}
		{12CF73B9-BB8E-4697-A4C8-DB13B2719741} = {12CF73B9-BB8E-4697-A4C8-DB13B2719741}
		{4F5CCDC3-2542-4FEA-90DD-3E75AFC52EA1} = {4F5CCDC3-2542-4FEA-90DD-3E75AFC52EA1}
		{D8DABAE0-FC92-4FCB-9808-9F56CA1C7DD9} = {D8DABAE0-FC92-4FCB-9808-9F56CA1C7DD9}
		{FADF88E1-6CFD-4623-8F0B-EC515D8D7555} = {FADF88E1-6CFD-4623-8F0B-EC515D8D7555}
		{A836FFE7-CC7A-4FA4-8E4F-485A47568432} = {A836FFE7-CC7A-4FA4-8E4F-485A47568432}
		{FDC8AAE8-4DCC-460C-8681-AB36B774FB80} = {FDC8AAE8-4DCC-460C-8681-AB36B774FB80}
		{6D21C8E9-BCB5-4084-93FD-D87000822CD5} = {6D21C8E9-BCB5-4084-93FD-D87000822CD5}
		{401874F1-1077-43DA-BAF8-EB238692A20C} = {401874F1-1077-43DA-BAF8-EB238692A20C}
		{49F8FDF9-5F2D-4823-88A9-3F85CC02917F} = {49F8FDF9-5F2D-4823-88A9-3F85CC02917F}
	EndProjectSection
EndProject
Project("{9A19103F-16F7-4668-BE54-9A1E7A4F7556}") = "DonationSystem", "Source\owl_donations\DonationSystem.csproj", "{4F5CCDC3-2542-4FEA-90DD-3E75AFC52EA1}"
EndProject
Project("{9A19103F-16F7-4668-BE54-9A1E7A4F7556}") = "owl_servershared", "Source\owl_servershared\owl_servershared.csproj", "{81074CB8-1A48-49B6-AACD-5F402F09AC26}"
EndProject
Project("{9A19103F-16F7-4668-BE54-9A1E7A4F7556}") = "owl_core.client", "Source\owl_core.client\owl_core.client.csproj", "{359728D3-65D3-4565-BF53-0B842E7795A4}"
EndProject
Project("{9A19103F-16F7-4668-BE54-9A1E7A4F7556}") = "owl_account_system.client", "Source\owl_account_system.client\owl_account_system.client.csproj", "{394F4590-2DEA-4023-89E9-45831C76762D}"
EndProject
Project("{9A19103F-16F7-4668-BE54-9A1E7A4F7556}") = "owl_achievements.client", "Source\owl_achievements.client\owl_achievements.client.csproj", "{248B7FF5-090C-4849-8F75-8FB357946CAF}"
EndProject
Project("{9A19103F-16F7-4668-BE54-9A1E7A4F7556}") = "owl_animations.client", "Source\owl_animations.client\owl_animations.client.csproj", "{9D6210E4-B1F1-4C38-9891-5176FBF1CACE}"
EndProject
Project("{9A19103F-16F7-4668-BE54-9A1E7A4F7556}") = "owl_chat.client", "Source\owl_chat.client\owl_chat.client.csproj", "{1CBB1E81-AC0B-405D-B939-1AF1854D80D0}"
EndProject
Project("{9A19103F-16F7-4668-BE54-9A1E7A4F7556}") = "owl_jobs.client", "Source\owl_jobs.client\owl_jobs.client.csproj", "{8D1BC712-AB2A-41EF-98EF-FC11ECDCDED5}"
EndProject
Project("{9A19103F-16F7-4668-BE54-9A1E7A4F7556}") = "owl_properties.client", "Source\owl_properties.client\owl_properties.client.csproj", "{7742A263-92DD-43DA-A5AB-BD54341CB9F1}"
EndProject
Project("{9A19103F-16F7-4668-BE54-9A1E7A4F7556}") = "owl_banking.client", "Source\owl_banking.client\owl_banking.client.csproj", "{B8FA103A-173D-4C1C-8141-C12658E8ABC9}"
EndProject
Project("{9A19103F-16F7-4668-BE54-9A1E7A4F7556}") = "owl_vehicles.client", "Source\owl_vehicles.client\owl_vehicles.client.csproj", "{D9D34E11-8E2D-41F3-83FC-98410057F6DF}"
EndProject
Project("{9A19103F-16F7-4668-BE54-9A1E7A4F7556}") = "EventComposer", "Source\EventComposer\EventComposer.csproj", "{1FA0355C-EEDD-4226-B91D-C6AE69722859}"
EndProject
Project("{9A19103F-16F7-4668-BE54-9A1E7A4F7556}") = "owl_vehicle_store.client", "Source\owl_vehicle_store.client\owl_vehicle_store.client.csproj", "{519DEC42-DF42-4F69-8814-3CF99C5D9559}"
EndProject
Project("{9A19103F-16F7-4668-BE54-9A1E7A4F7556}") = "owl_admin.client", "Source\owl_admin.client\owl_admin.client.csproj", "{07CCE691-82CA-44B0-80C5-91BF96BF2F15}"
EndProject
Project("{9A19103F-16F7-4668-BE54-9A1E7A4F7556}") = "owl_anticheat.client", "Source\owl_anticheat.client\owl_anticheat.client.csproj", "{4B1DBD4D-9C90-4849-8A6E-C1EDF9A4DFE8}"
EndProject
Project("{9A19103F-16F7-4668-BE54-9A1E7A4F7556}") = "owl_factions.client", "Source\owl_factions.client\owl_factions.client.csproj", "{F2CA0C9B-87EA-41B7-9734-ABE944FB511A}"
EndProject
Project("{9A19103F-16F7-4668-BE54-9A1E7A4F7556}") = "owl_items.client", "Source\owl_items.client\owl_items.client.csproj", "{1C83C740-CF8B-4386-9693-7493971D348F}"
EndProject
Project("{9A19103F-16F7-4668-BE54-9A1E7A4F7556}") = "owl_donations.client", "Source\owl_donations.client\owl_donations.client.csproj", "{D71CE5B6-0D1A-44E2-B053-97575FBBE7BA}"
EndProject
Project("{9A19103F-16F7-4668-BE54-9A1E7A4F7556}") = "owl_stores.client", "Source\owl_stores.client\owl_stores.client.csproj", "{C558DCE2-5EC4-4123-933D-11EA6AA38B96}"
EndProject
Project("{9A19103F-16F7-4668-BE54-9A1E7A4F7556}") = "owl_radios", "Source\owl_radios\owl_radios.csproj", "{D8DABAE0-FC92-4FCB-9808-9F56CA1C7DD9}"
EndProject
Project("{9A19103F-16F7-4668-BE54-9A1E7A4F7556}") = "owl_radios.client", "Source\owl_radios.client\owl_radios.client.csproj", "{AF35D1E4-F861-4793-8342-0881C2D85287}"
EndProject
Project("{9A19103F-16F7-4668-BE54-9A1E7A4F7556}") = "owl_maps.client", "Source\owl_maps.client\owl_maps.client.csproj", "{51581242-064A-4BB3-B40B-3DBAE4D34B8F}"
EndProject
Project("{9A19103F-16F7-4668-BE54-9A1E7A4F7556}") = "owl_entityinteractions.client", "Source\owl_entityinteractions.client\owl_entityinteractions.client.csproj", "{1F5BC522-5F1D-4908-AECF-E01D0593F43B}"
EndProject
Project("{9A19103F-16F7-4668-BE54-9A1E7A4F7556}") = "owl_activities.server", "Source\owl_activities\owl_activities.server.csproj", "{C2AAF17A-D921-4760-A26A-B3D9C30FA672}"
EndProject
Project("{9A19103F-16F7-4668-BE54-9A1E7A4F7556}") = "owl_activities.client", "Source\owl_activities.client\owl_activities.client.csproj", "{B7652825-A32A-4A1A-BA89-689EBE7B24F8}"
EndProject
Project("{9A19103F-16F7-4668-BE54-9A1E7A4F7556}") = "DiscordBot", "Source\DiscordBot\DiscordBot.csproj", "{11F8FBD8-444D-4B81-BCA4-B8BF8B1727CD}"
EndProject
Project("{9A19103F-16F7-4668-BE54-9A1E7A4F7556}") = "owl_scripter.server", "Source\owl_scripter\owl_scripter.server.csproj", "{9FB22138-333D-4154-955E-4F7027DAD758}"
EndProject
Project("{9A19103F-16F7-4668-BE54-9A1E7A4F7556}") = "UnitTests", "Source\UnitTests\UnitTests.csproj", "{2AD3E6BA-7DCD-4269-B21F-E705BF718D27}"
EndProject
Project("{9A19103F-16F7-4668-BE54-9A1E7A4F7556}") = "owl_script_loader", "Source\owl_script_loader\owl_script_loader.csproj", "{A773CC0F-CDFE-449F-A0EA-AAC703B41625}"
EndProject
Global
	GlobalSection(SolutionConfigurationPlatforms) = preSolution
		Debug Full Cook|Any CPU = Debug Full Cook|Any CPU
		Debug Full Cook|x64 = Debug Full Cook|x64
		Debug|Any CPU = Debug|Any CPU
		Debug|x64 = Debug|x64
		Release|Any CPU = Release|Any CPU
		Release|x64 = Release|x64
	EndGlobalSection
	GlobalSection(ProjectConfigurationPlatforms) = postSolution
		{6531FF70-1D34-456B-A9F3-566F6BDA9702}.Debug Full Cook|Any CPU.ActiveCfg = Debug|Any CPU
		{6531FF70-1D34-456B-A9F3-566F6BDA9702}.Debug Full Cook|Any CPU.Build.0 = Debug|Any CPU
		{6531FF70-1D34-456B-A9F3-566F6BDA9702}.Debug Full Cook|x64.ActiveCfg = Debug|Any CPU
		{6531FF70-1D34-456B-A9F3-566F6BDA9702}.Debug Full Cook|x64.Build.0 = Debug|Any CPU
		{6531FF70-1D34-456B-A9F3-566F6BDA9702}.Debug|Any CPU.ActiveCfg = Debug|Any CPU
		{6531FF70-1D34-456B-A9F3-566F6BDA9702}.Debug|Any CPU.Build.0 = Debug|Any CPU
		{6531FF70-1D34-456B-A9F3-566F6BDA9702}.Debug|x64.ActiveCfg = Debug|Any CPU
		{6531FF70-1D34-456B-A9F3-566F6BDA9702}.Debug|x64.Build.0 = Debug|Any CPU
		{6531FF70-1D34-456B-A9F3-566F6BDA9702}.Release|Any CPU.ActiveCfg = Release|Any CPU
		{6531FF70-1D34-456B-A9F3-566F6BDA9702}.Release|Any CPU.Build.0 = Release|Any CPU
		{6531FF70-1D34-456B-A9F3-566F6BDA9702}.Release|x64.ActiveCfg = Release|Any CPU
		{6531FF70-1D34-456B-A9F3-566F6BDA9702}.Release|x64.Build.0 = Release|Any CPU
		{EB0D4FB7-BCE1-4283-BE4B-3914FCAD4972}.Debug Full Cook|Any CPU.ActiveCfg = Debug|Any CPU
		{EB0D4FB7-BCE1-4283-BE4B-3914FCAD4972}.Debug Full Cook|Any CPU.Build.0 = Debug|Any CPU
		{EB0D4FB7-BCE1-4283-BE4B-3914FCAD4972}.Debug Full Cook|x64.ActiveCfg = Debug|Any CPU
		{EB0D4FB7-BCE1-4283-BE4B-3914FCAD4972}.Debug Full Cook|x64.Build.0 = Debug|Any CPU
		{EB0D4FB7-BCE1-4283-BE4B-3914FCAD4972}.Debug|Any CPU.ActiveCfg = Debug|Any CPU
		{EB0D4FB7-BCE1-4283-BE4B-3914FCAD4972}.Debug|Any CPU.Build.0 = Debug|Any CPU
		{EB0D4FB7-BCE1-4283-BE4B-3914FCAD4972}.Debug|x64.ActiveCfg = Debug|Any CPU
		{EB0D4FB7-BCE1-4283-BE4B-3914FCAD4972}.Debug|x64.Build.0 = Debug|Any CPU
		{EB0D4FB7-BCE1-4283-BE4B-3914FCAD4972}.Release|Any CPU.ActiveCfg = Release|Any CPU
		{EB0D4FB7-BCE1-4283-BE4B-3914FCAD4972}.Release|Any CPU.Build.0 = Release|Any CPU
		{EB0D4FB7-BCE1-4283-BE4B-3914FCAD4972}.Release|x64.ActiveCfg = Release|Any CPU
		{EB0D4FB7-BCE1-4283-BE4B-3914FCAD4972}.Release|x64.Build.0 = Release|Any CPU
		{053F1949-E2A7-493C-97AC-3D26F626216B}.Debug Full Cook|Any CPU.ActiveCfg = Debug|Any CPU
		{053F1949-E2A7-493C-97AC-3D26F626216B}.Debug Full Cook|Any CPU.Build.0 = Debug|Any CPU
		{053F1949-E2A7-493C-97AC-3D26F626216B}.Debug Full Cook|x64.ActiveCfg = Debug|Any CPU
		{053F1949-E2A7-493C-97AC-3D26F626216B}.Debug Full Cook|x64.Build.0 = Debug|Any CPU
		{053F1949-E2A7-493C-97AC-3D26F626216B}.Debug|Any CPU.ActiveCfg = Debug|Any CPU
		{053F1949-E2A7-493C-97AC-3D26F626216B}.Debug|Any CPU.Build.0 = Debug|Any CPU
		{053F1949-E2A7-493C-97AC-3D26F626216B}.Debug|x64.ActiveCfg = Debug|Any CPU
		{053F1949-E2A7-493C-97AC-3D26F626216B}.Debug|x64.Build.0 = Debug|Any CPU
		{053F1949-E2A7-493C-97AC-3D26F626216B}.Release|Any CPU.ActiveCfg = Release|Any CPU
		{053F1949-E2A7-493C-97AC-3D26F626216B}.Release|Any CPU.Build.0 = Release|Any CPU
		{053F1949-E2A7-493C-97AC-3D26F626216B}.Release|x64.ActiveCfg = Release|Any CPU
		{053F1949-E2A7-493C-97AC-3D26F626216B}.Release|x64.Build.0 = Release|Any CPU
		{1E80738E-89DB-4D9E-AD79-3919AB54CA6A}.Debug Full Cook|Any CPU.ActiveCfg = Debug|Any CPU
		{1E80738E-89DB-4D9E-AD79-3919AB54CA6A}.Debug Full Cook|Any CPU.Build.0 = Debug|Any CPU
		{1E80738E-89DB-4D9E-AD79-3919AB54CA6A}.Debug Full Cook|x64.ActiveCfg = Debug|Any CPU
		{1E80738E-89DB-4D9E-AD79-3919AB54CA6A}.Debug Full Cook|x64.Build.0 = Debug|Any CPU
		{1E80738E-89DB-4D9E-AD79-3919AB54CA6A}.Debug|Any CPU.ActiveCfg = Debug|Any CPU
		{1E80738E-89DB-4D9E-AD79-3919AB54CA6A}.Debug|Any CPU.Build.0 = Debug|Any CPU
		{1E80738E-89DB-4D9E-AD79-3919AB54CA6A}.Debug|x64.ActiveCfg = Debug|Any CPU
		{1E80738E-89DB-4D9E-AD79-3919AB54CA6A}.Debug|x64.Build.0 = Debug|Any CPU
		{1E80738E-89DB-4D9E-AD79-3919AB54CA6A}.Release|Any CPU.ActiveCfg = Release|Any CPU
		{1E80738E-89DB-4D9E-AD79-3919AB54CA6A}.Release|Any CPU.Build.0 = Release|Any CPU
		{1E80738E-89DB-4D9E-AD79-3919AB54CA6A}.Release|x64.ActiveCfg = Release|Any CPU
		{1E80738E-89DB-4D9E-AD79-3919AB54CA6A}.Release|x64.Build.0 = Release|Any CPU
		{F0529D14-737B-49E0-AB40-9DB8013404BE}.Debug Full Cook|Any CPU.ActiveCfg = Debug|Any CPU
		{F0529D14-737B-49E0-AB40-9DB8013404BE}.Debug Full Cook|Any CPU.Build.0 = Debug|Any CPU
		{F0529D14-737B-49E0-AB40-9DB8013404BE}.Debug Full Cook|x64.ActiveCfg = Debug|Any CPU
		{F0529D14-737B-49E0-AB40-9DB8013404BE}.Debug Full Cook|x64.Build.0 = Debug|Any CPU
		{F0529D14-737B-49E0-AB40-9DB8013404BE}.Debug|Any CPU.ActiveCfg = Debug|Any CPU
		{F0529D14-737B-49E0-AB40-9DB8013404BE}.Debug|Any CPU.Build.0 = Debug|Any CPU
		{F0529D14-737B-49E0-AB40-9DB8013404BE}.Debug|x64.ActiveCfg = Debug|Any CPU
		{F0529D14-737B-49E0-AB40-9DB8013404BE}.Debug|x64.Build.0 = Debug|Any CPU
		{F0529D14-737B-49E0-AB40-9DB8013404BE}.Release|Any CPU.ActiveCfg = Release|Any CPU
		{F0529D14-737B-49E0-AB40-9DB8013404BE}.Release|Any CPU.Build.0 = Release|Any CPU
		{F0529D14-737B-49E0-AB40-9DB8013404BE}.Release|x64.ActiveCfg = Release|Any CPU
		{F0529D14-737B-49E0-AB40-9DB8013404BE}.Release|x64.Build.0 = Release|Any CPU
		{FDC8AAE8-4DCC-460C-8681-AB36B774FB80}.Debug Full Cook|Any CPU.ActiveCfg = Debug|Any CPU
		{FDC8AAE8-4DCC-460C-8681-AB36B774FB80}.Debug Full Cook|Any CPU.Build.0 = Debug|Any CPU
		{FDC8AAE8-4DCC-460C-8681-AB36B774FB80}.Debug Full Cook|x64.ActiveCfg = Debug|Any CPU
		{FDC8AAE8-4DCC-460C-8681-AB36B774FB80}.Debug Full Cook|x64.Build.0 = Debug|Any CPU
		{FDC8AAE8-4DCC-460C-8681-AB36B774FB80}.Debug|Any CPU.ActiveCfg = Debug|Any CPU
		{FDC8AAE8-4DCC-460C-8681-AB36B774FB80}.Debug|Any CPU.Build.0 = Debug|Any CPU
		{FDC8AAE8-4DCC-460C-8681-AB36B774FB80}.Debug|x64.ActiveCfg = Debug|Any CPU
		{FDC8AAE8-4DCC-460C-8681-AB36B774FB80}.Debug|x64.Build.0 = Debug|Any CPU
		{FDC8AAE8-4DCC-460C-8681-AB36B774FB80}.Release|Any CPU.ActiveCfg = Release|Any CPU
		{FDC8AAE8-4DCC-460C-8681-AB36B774FB80}.Release|Any CPU.Build.0 = Release|Any CPU
		{FDC8AAE8-4DCC-460C-8681-AB36B774FB80}.Release|x64.ActiveCfg = Release|Any CPU
		{FDC8AAE8-4DCC-460C-8681-AB36B774FB80}.Release|x64.Build.0 = Release|Any CPU
		{EB83550D-A5BC-4E45-94FF-1673ADE64DE6}.Debug Full Cook|Any CPU.ActiveCfg = Debug|Any CPU
		{EB83550D-A5BC-4E45-94FF-1673ADE64DE6}.Debug Full Cook|Any CPU.Build.0 = Debug|Any CPU
		{EB83550D-A5BC-4E45-94FF-1673ADE64DE6}.Debug Full Cook|x64.ActiveCfg = Debug|Any CPU
		{EB83550D-A5BC-4E45-94FF-1673ADE64DE6}.Debug Full Cook|x64.Build.0 = Debug|Any CPU
		{EB83550D-A5BC-4E45-94FF-1673ADE64DE6}.Debug|Any CPU.ActiveCfg = Debug|Any CPU
		{EB83550D-A5BC-4E45-94FF-1673ADE64DE6}.Debug|Any CPU.Build.0 = Debug|Any CPU
		{EB83550D-A5BC-4E45-94FF-1673ADE64DE6}.Debug|x64.ActiveCfg = Debug|Any CPU
		{EB83550D-A5BC-4E45-94FF-1673ADE64DE6}.Debug|x64.Build.0 = Debug|Any CPU
		{EB83550D-A5BC-4E45-94FF-1673ADE64DE6}.Release|Any CPU.ActiveCfg = Release|Any CPU
		{EB83550D-A5BC-4E45-94FF-1673ADE64DE6}.Release|Any CPU.Build.0 = Release|Any CPU
		{EB83550D-A5BC-4E45-94FF-1673ADE64DE6}.Release|x64.ActiveCfg = Release|Any CPU
		{EB83550D-A5BC-4E45-94FF-1673ADE64DE6}.Release|x64.Build.0 = Release|Any CPU
		{6D21C8E9-BCB5-4084-93FD-D87000822CD5}.Debug Full Cook|Any CPU.ActiveCfg = Debug|Any CPU
		{6D21C8E9-BCB5-4084-93FD-D87000822CD5}.Debug Full Cook|Any CPU.Build.0 = Debug|Any CPU
		{6D21C8E9-BCB5-4084-93FD-D87000822CD5}.Debug Full Cook|x64.ActiveCfg = Debug|Any CPU
		{6D21C8E9-BCB5-4084-93FD-D87000822CD5}.Debug Full Cook|x64.Build.0 = Debug|Any CPU
		{6D21C8E9-BCB5-4084-93FD-D87000822CD5}.Debug|Any CPU.ActiveCfg = Debug|Any CPU
		{6D21C8E9-BCB5-4084-93FD-D87000822CD5}.Debug|Any CPU.Build.0 = Debug|Any CPU
		{6D21C8E9-BCB5-4084-93FD-D87000822CD5}.Debug|x64.ActiveCfg = Debug|Any CPU
		{6D21C8E9-BCB5-4084-93FD-D87000822CD5}.Debug|x64.Build.0 = Debug|Any CPU
		{6D21C8E9-BCB5-4084-93FD-D87000822CD5}.Release|Any CPU.ActiveCfg = Release|Any CPU
		{6D21C8E9-BCB5-4084-93FD-D87000822CD5}.Release|Any CPU.Build.0 = Release|Any CPU
		{6D21C8E9-BCB5-4084-93FD-D87000822CD5}.Release|x64.ActiveCfg = Release|Any CPU
		{6D21C8E9-BCB5-4084-93FD-D87000822CD5}.Release|x64.Build.0 = Release|Any CPU
		{245BF102-697D-40E4-B31D-D81960B67963}.Debug Full Cook|Any CPU.ActiveCfg = Debug|Any CPU
		{245BF102-697D-40E4-B31D-D81960B67963}.Debug Full Cook|Any CPU.Build.0 = Debug|Any CPU
		{245BF102-697D-40E4-B31D-D81960B67963}.Debug Full Cook|x64.ActiveCfg = Debug|Any CPU
		{245BF102-697D-40E4-B31D-D81960B67963}.Debug Full Cook|x64.Build.0 = Debug|Any CPU
		{245BF102-697D-40E4-B31D-D81960B67963}.Debug|Any CPU.ActiveCfg = Debug|Any CPU
		{245BF102-697D-40E4-B31D-D81960B67963}.Debug|Any CPU.Build.0 = Debug|Any CPU
		{245BF102-697D-40E4-B31D-D81960B67963}.Debug|x64.ActiveCfg = Debug|Any CPU
		{245BF102-697D-40E4-B31D-D81960B67963}.Debug|x64.Build.0 = Debug|Any CPU
		{245BF102-697D-40E4-B31D-D81960B67963}.Release|Any CPU.ActiveCfg = Release|Any CPU
		{245BF102-697D-40E4-B31D-D81960B67963}.Release|Any CPU.Build.0 = Release|Any CPU
		{245BF102-697D-40E4-B31D-D81960B67963}.Release|x64.ActiveCfg = Release|Any CPU
		{245BF102-697D-40E4-B31D-D81960B67963}.Release|x64.Build.0 = Release|Any CPU
		{A836FFE7-CC7A-4FA4-8E4F-485A47568432}.Debug Full Cook|Any CPU.ActiveCfg = Debug|Any CPU
		{A836FFE7-CC7A-4FA4-8E4F-485A47568432}.Debug Full Cook|Any CPU.Build.0 = Debug|Any CPU
		{A836FFE7-CC7A-4FA4-8E4F-485A47568432}.Debug Full Cook|x64.ActiveCfg = Debug|Any CPU
		{A836FFE7-CC7A-4FA4-8E4F-485A47568432}.Debug Full Cook|x64.Build.0 = Debug|Any CPU
		{A836FFE7-CC7A-4FA4-8E4F-485A47568432}.Debug|Any CPU.ActiveCfg = Debug|Any CPU
		{A836FFE7-CC7A-4FA4-8E4F-485A47568432}.Debug|Any CPU.Build.0 = Debug|Any CPU
		{A836FFE7-CC7A-4FA4-8E4F-485A47568432}.Debug|x64.ActiveCfg = Debug|Any CPU
		{A836FFE7-CC7A-4FA4-8E4F-485A47568432}.Debug|x64.Build.0 = Debug|Any CPU
		{A836FFE7-CC7A-4FA4-8E4F-485A47568432}.Release|Any CPU.ActiveCfg = Release|Any CPU
		{A836FFE7-CC7A-4FA4-8E4F-485A47568432}.Release|Any CPU.Build.0 = Release|Any CPU
		{A836FFE7-CC7A-4FA4-8E4F-485A47568432}.Release|x64.ActiveCfg = Release|Any CPU
		{A836FFE7-CC7A-4FA4-8E4F-485A47568432}.Release|x64.Build.0 = Release|Any CPU
		{401874F1-1077-43DA-BAF8-EB238692A20C}.Debug Full Cook|Any CPU.ActiveCfg = Debug|Any CPU
		{401874F1-1077-43DA-BAF8-EB238692A20C}.Debug Full Cook|Any CPU.Build.0 = Debug|Any CPU
		{401874F1-1077-43DA-BAF8-EB238692A20C}.Debug Full Cook|x64.ActiveCfg = Debug|Any CPU
		{401874F1-1077-43DA-BAF8-EB238692A20C}.Debug Full Cook|x64.Build.0 = Debug|Any CPU
		{401874F1-1077-43DA-BAF8-EB238692A20C}.Debug|Any CPU.ActiveCfg = Debug|Any CPU
		{401874F1-1077-43DA-BAF8-EB238692A20C}.Debug|Any CPU.Build.0 = Debug|Any CPU
		{401874F1-1077-43DA-BAF8-EB238692A20C}.Debug|x64.ActiveCfg = Debug|Any CPU
		{401874F1-1077-43DA-BAF8-EB238692A20C}.Debug|x64.Build.0 = Debug|Any CPU
		{401874F1-1077-43DA-BAF8-EB238692A20C}.Release|Any CPU.ActiveCfg = Release|Any CPU
		{401874F1-1077-43DA-BAF8-EB238692A20C}.Release|Any CPU.Build.0 = Release|Any CPU
		{401874F1-1077-43DA-BAF8-EB238692A20C}.Release|x64.ActiveCfg = Release|Any CPU
		{401874F1-1077-43DA-BAF8-EB238692A20C}.Release|x64.Build.0 = Release|Any CPU
		{12CF73B9-BB8E-4697-A4C8-DB13B2719741}.Debug Full Cook|Any CPU.ActiveCfg = Debug|Any CPU
		{12CF73B9-BB8E-4697-A4C8-DB13B2719741}.Debug Full Cook|Any CPU.Build.0 = Debug|Any CPU
		{12CF73B9-BB8E-4697-A4C8-DB13B2719741}.Debug Full Cook|x64.ActiveCfg = Debug|Any CPU
		{12CF73B9-BB8E-4697-A4C8-DB13B2719741}.Debug Full Cook|x64.Build.0 = Debug|Any CPU
		{12CF73B9-BB8E-4697-A4C8-DB13B2719741}.Debug|Any CPU.ActiveCfg = Debug|Any CPU
		{12CF73B9-BB8E-4697-A4C8-DB13B2719741}.Debug|Any CPU.Build.0 = Debug|Any CPU
		{12CF73B9-BB8E-4697-A4C8-DB13B2719741}.Debug|x64.ActiveCfg = Debug|Any CPU
		{12CF73B9-BB8E-4697-A4C8-DB13B2719741}.Debug|x64.Build.0 = Debug|Any CPU
		{12CF73B9-BB8E-4697-A4C8-DB13B2719741}.Release|Any CPU.ActiveCfg = Release|Any CPU
		{12CF73B9-BB8E-4697-A4C8-DB13B2719741}.Release|Any CPU.Build.0 = Release|Any CPU
		{12CF73B9-BB8E-4697-A4C8-DB13B2719741}.Release|x64.ActiveCfg = Release|Any CPU
		{12CF73B9-BB8E-4697-A4C8-DB13B2719741}.Release|x64.Build.0 = Release|Any CPU
		{7780586B-87D2-48A9-A6A8-591322A91108}.Debug Full Cook|Any CPU.ActiveCfg = Debug|Any CPU
		{7780586B-87D2-48A9-A6A8-591322A91108}.Debug Full Cook|Any CPU.Build.0 = Debug|Any CPU
		{7780586B-87D2-48A9-A6A8-591322A91108}.Debug Full Cook|x64.ActiveCfg = Debug|Any CPU
		{7780586B-87D2-48A9-A6A8-591322A91108}.Debug Full Cook|x64.Build.0 = Debug|Any CPU
		{7780586B-87D2-48A9-A6A8-591322A91108}.Debug|Any CPU.ActiveCfg = Debug|Any CPU
		{7780586B-87D2-48A9-A6A8-591322A91108}.Debug|Any CPU.Build.0 = Debug|Any CPU
		{7780586B-87D2-48A9-A6A8-591322A91108}.Debug|x64.ActiveCfg = Debug|Any CPU
		{7780586B-87D2-48A9-A6A8-591322A91108}.Debug|x64.Build.0 = Debug|Any CPU
		{7780586B-87D2-48A9-A6A8-591322A91108}.Release|Any CPU.ActiveCfg = Release|Any CPU
		{7780586B-87D2-48A9-A6A8-591322A91108}.Release|Any CPU.Build.0 = Release|Any CPU
		{7780586B-87D2-48A9-A6A8-591322A91108}.Release|x64.ActiveCfg = Release|Any CPU
		{7780586B-87D2-48A9-A6A8-591322A91108}.Release|x64.Build.0 = Release|Any CPU
		{D54F1007-D9E1-47B6-838D-3EA52E33925A}.Debug Full Cook|Any CPU.ActiveCfg = Debug|Any CPU
		{D54F1007-D9E1-47B6-838D-3EA52E33925A}.Debug Full Cook|Any CPU.Build.0 = Debug|Any CPU
		{D54F1007-D9E1-47B6-838D-3EA52E33925A}.Debug Full Cook|x64.ActiveCfg = Debug|Any CPU
		{D54F1007-D9E1-47B6-838D-3EA52E33925A}.Debug Full Cook|x64.Build.0 = Debug|Any CPU
		{D54F1007-D9E1-47B6-838D-3EA52E33925A}.Debug|Any CPU.ActiveCfg = Debug|Any CPU
		{D54F1007-D9E1-47B6-838D-3EA52E33925A}.Debug|Any CPU.Build.0 = Debug|Any CPU
		{D54F1007-D9E1-47B6-838D-3EA52E33925A}.Debug|x64.ActiveCfg = Debug|Any CPU
		{D54F1007-D9E1-47B6-838D-3EA52E33925A}.Debug|x64.Build.0 = Debug|Any CPU
		{D54F1007-D9E1-47B6-838D-3EA52E33925A}.Release|Any CPU.ActiveCfg = Release|Any CPU
		{D54F1007-D9E1-47B6-838D-3EA52E33925A}.Release|Any CPU.Build.0 = Release|Any CPU
		{D54F1007-D9E1-47B6-838D-3EA52E33925A}.Release|x64.ActiveCfg = Release|Any CPU
		{D54F1007-D9E1-47B6-838D-3EA52E33925A}.Release|x64.Build.0 = Release|Any CPU
		{CC3C8592-6FFA-4D85-87EA-9D835266C4E2}.Debug Full Cook|Any CPU.ActiveCfg = Debug|Any CPU
		{CC3C8592-6FFA-4D85-87EA-9D835266C4E2}.Debug Full Cook|Any CPU.Build.0 = Debug|Any CPU
		{CC3C8592-6FFA-4D85-87EA-9D835266C4E2}.Debug Full Cook|x64.ActiveCfg = Debug|Any CPU
		{CC3C8592-6FFA-4D85-87EA-9D835266C4E2}.Debug Full Cook|x64.Build.0 = Debug|Any CPU
		{CC3C8592-6FFA-4D85-87EA-9D835266C4E2}.Debug|Any CPU.ActiveCfg = Debug|Any CPU
		{CC3C8592-6FFA-4D85-87EA-9D835266C4E2}.Debug|Any CPU.Build.0 = Debug|Any CPU
		{CC3C8592-6FFA-4D85-87EA-9D835266C4E2}.Debug|x64.ActiveCfg = Debug|Any CPU
		{CC3C8592-6FFA-4D85-87EA-9D835266C4E2}.Debug|x64.Build.0 = Debug|Any CPU
		{CC3C8592-6FFA-4D85-87EA-9D835266C4E2}.Release|Any CPU.ActiveCfg = Release|Any CPU
		{CC3C8592-6FFA-4D85-87EA-9D835266C4E2}.Release|Any CPU.Build.0 = Release|Any CPU
		{CC3C8592-6FFA-4D85-87EA-9D835266C4E2}.Release|x64.ActiveCfg = Release|Any CPU
		{CC3C8592-6FFA-4D85-87EA-9D835266C4E2}.Release|x64.Build.0 = Release|Any CPU
		{6CEDE741-BAB8-4314-9428-B14A9ADCF95B}.Debug Full Cook|Any CPU.ActiveCfg = Debug|Any CPU
		{6CEDE741-BAB8-4314-9428-B14A9ADCF95B}.Debug Full Cook|Any CPU.Build.0 = Debug|Any CPU
		{6CEDE741-BAB8-4314-9428-B14A9ADCF95B}.Debug Full Cook|x64.ActiveCfg = Debug|Any CPU
		{6CEDE741-BAB8-4314-9428-B14A9ADCF95B}.Debug Full Cook|x64.Build.0 = Debug|Any CPU
		{6CEDE741-BAB8-4314-9428-B14A9ADCF95B}.Debug|Any CPU.ActiveCfg = Debug|Any CPU
		{6CEDE741-BAB8-4314-9428-B14A9ADCF95B}.Debug|Any CPU.Build.0 = Debug|Any CPU
		{6CEDE741-BAB8-4314-9428-B14A9ADCF95B}.Debug|x64.ActiveCfg = Debug|Any CPU
		{6CEDE741-BAB8-4314-9428-B14A9ADCF95B}.Debug|x64.Build.0 = Debug|Any CPU
		{6CEDE741-BAB8-4314-9428-B14A9ADCF95B}.Release|Any CPU.ActiveCfg = Release|Any CPU
		{6CEDE741-BAB8-4314-9428-B14A9ADCF95B}.Release|Any CPU.Build.0 = Release|Any CPU
		{6CEDE741-BAB8-4314-9428-B14A9ADCF95B}.Release|x64.ActiveCfg = Release|Any CPU
		{6CEDE741-BAB8-4314-9428-B14A9ADCF95B}.Release|x64.Build.0 = Release|Any CPU
		{49F8FDF9-5F2D-4823-88A9-3F85CC02917F}.Debug Full Cook|Any CPU.ActiveCfg = Debug|Any CPU
		{49F8FDF9-5F2D-4823-88A9-3F85CC02917F}.Debug Full Cook|Any CPU.Build.0 = Debug|Any CPU
		{49F8FDF9-5F2D-4823-88A9-3F85CC02917F}.Debug Full Cook|x64.ActiveCfg = Debug|Any CPU
		{49F8FDF9-5F2D-4823-88A9-3F85CC02917F}.Debug Full Cook|x64.Build.0 = Debug|Any CPU
		{49F8FDF9-5F2D-4823-88A9-3F85CC02917F}.Debug|Any CPU.ActiveCfg = Debug|Any CPU
		{49F8FDF9-5F2D-4823-88A9-3F85CC02917F}.Debug|Any CPU.Build.0 = Debug|Any CPU
		{49F8FDF9-5F2D-4823-88A9-3F85CC02917F}.Debug|x64.ActiveCfg = Debug|Any CPU
		{49F8FDF9-5F2D-4823-88A9-3F85CC02917F}.Debug|x64.Build.0 = Debug|Any CPU
		{49F8FDF9-5F2D-4823-88A9-3F85CC02917F}.Release|Any CPU.ActiveCfg = Release|Any CPU
		{49F8FDF9-5F2D-4823-88A9-3F85CC02917F}.Release|Any CPU.Build.0 = Release|Any CPU
		{49F8FDF9-5F2D-4823-88A9-3F85CC02917F}.Release|x64.ActiveCfg = Release|Any CPU
		{49F8FDF9-5F2D-4823-88A9-3F85CC02917F}.Release|x64.Build.0 = Release|Any CPU
		{AECBEA03-B37A-4885-98EA-79AC30464DB0}.Debug Full Cook|Any CPU.ActiveCfg = Debug|Any CPU
		{AECBEA03-B37A-4885-98EA-79AC30464DB0}.Debug Full Cook|Any CPU.Build.0 = Debug|Any CPU
		{AECBEA03-B37A-4885-98EA-79AC30464DB0}.Debug Full Cook|x64.ActiveCfg = Debug Full Cook|Any CPU
		{AECBEA03-B37A-4885-98EA-79AC30464DB0}.Debug Full Cook|x64.Build.0 = Debug Full Cook|Any CPU
		{AECBEA03-B37A-4885-98EA-79AC30464DB0}.Debug|Any CPU.ActiveCfg = Debug|Any CPU
		{AECBEA03-B37A-4885-98EA-79AC30464DB0}.Debug|Any CPU.Build.0 = Debug|Any CPU
		{AECBEA03-B37A-4885-98EA-79AC30464DB0}.Debug|x64.ActiveCfg = Debug|Any CPU
		{AECBEA03-B37A-4885-98EA-79AC30464DB0}.Debug|x64.Build.0 = Debug|Any CPU
		{AECBEA03-B37A-4885-98EA-79AC30464DB0}.Release|Any CPU.ActiveCfg = Release|Any CPU
		{AECBEA03-B37A-4885-98EA-79AC30464DB0}.Release|Any CPU.Build.0 = Release|Any CPU
		{AECBEA03-B37A-4885-98EA-79AC30464DB0}.Release|x64.ActiveCfg = Release|Any CPU
		{AECBEA03-B37A-4885-98EA-79AC30464DB0}.Release|x64.Build.0 = Release|Any CPU
		{FADF88E1-6CFD-4623-8F0B-EC515D8D7555}.Debug Full Cook|Any CPU.ActiveCfg = Debug|Any CPU
		{FADF88E1-6CFD-4623-8F0B-EC515D8D7555}.Debug Full Cook|Any CPU.Build.0 = Debug|Any CPU
		{FADF88E1-6CFD-4623-8F0B-EC515D8D7555}.Debug Full Cook|x64.ActiveCfg = Debug|Any CPU
		{FADF88E1-6CFD-4623-8F0B-EC515D8D7555}.Debug Full Cook|x64.Build.0 = Debug|Any CPU
		{FADF88E1-6CFD-4623-8F0B-EC515D8D7555}.Debug|Any CPU.ActiveCfg = Debug|Any CPU
		{FADF88E1-6CFD-4623-8F0B-EC515D8D7555}.Debug|Any CPU.Build.0 = Debug|Any CPU
		{FADF88E1-6CFD-4623-8F0B-EC515D8D7555}.Debug|x64.ActiveCfg = Debug|Any CPU
		{FADF88E1-6CFD-4623-8F0B-EC515D8D7555}.Debug|x64.Build.0 = Debug|Any CPU
		{FADF88E1-6CFD-4623-8F0B-EC515D8D7555}.Release|Any CPU.ActiveCfg = Release|Any CPU
		{FADF88E1-6CFD-4623-8F0B-EC515D8D7555}.Release|Any CPU.Build.0 = Release|Any CPU
		{FADF88E1-6CFD-4623-8F0B-EC515D8D7555}.Release|x64.ActiveCfg = Release|Any CPU
		{FADF88E1-6CFD-4623-8F0B-EC515D8D7555}.Release|x64.Build.0 = Release|Any CPU
		{F99E8176-ACE8-4178-8D90-917A0A97822A}.Debug Full Cook|Any CPU.ActiveCfg = Debug|Any CPU
		{F99E8176-ACE8-4178-8D90-917A0A97822A}.Debug Full Cook|Any CPU.Build.0 = Debug|Any CPU
		{F99E8176-ACE8-4178-8D90-917A0A97822A}.Debug Full Cook|x64.ActiveCfg = Debug Full Cook|Any CPU
		{F99E8176-ACE8-4178-8D90-917A0A97822A}.Debug Full Cook|x64.Build.0 = Debug Full Cook|Any CPU
		{F99E8176-ACE8-4178-8D90-917A0A97822A}.Debug|Any CPU.ActiveCfg = Debug|Any CPU
		{F99E8176-ACE8-4178-8D90-917A0A97822A}.Debug|Any CPU.Build.0 = Debug|Any CPU
		{F99E8176-ACE8-4178-8D90-917A0A97822A}.Debug|x64.ActiveCfg = Debug|Any CPU
		{F99E8176-ACE8-4178-8D90-917A0A97822A}.Debug|x64.Build.0 = Debug|Any CPU
		{F99E8176-ACE8-4178-8D90-917A0A97822A}.Release|Any CPU.ActiveCfg = Release|Any CPU
		{F99E8176-ACE8-4178-8D90-917A0A97822A}.Release|Any CPU.Build.0 = Release|Any CPU
		{F99E8176-ACE8-4178-8D90-917A0A97822A}.Release|x64.ActiveCfg = Release|Any CPU
		{F99E8176-ACE8-4178-8D90-917A0A97822A}.Release|x64.Build.0 = Release|Any CPU
		{4F5CCDC3-2542-4FEA-90DD-3E75AFC52EA1}.Debug Full Cook|Any CPU.ActiveCfg = Debug|Any CPU
		{4F5CCDC3-2542-4FEA-90DD-3E75AFC52EA1}.Debug Full Cook|Any CPU.Build.0 = Debug|Any CPU
		{4F5CCDC3-2542-4FEA-90DD-3E75AFC52EA1}.Debug Full Cook|x64.ActiveCfg = Debug|Any CPU
		{4F5CCDC3-2542-4FEA-90DD-3E75AFC52EA1}.Debug Full Cook|x64.Build.0 = Debug|Any CPU
		{4F5CCDC3-2542-4FEA-90DD-3E75AFC52EA1}.Debug|Any CPU.ActiveCfg = Debug|Any CPU
		{4F5CCDC3-2542-4FEA-90DD-3E75AFC52EA1}.Debug|Any CPU.Build.0 = Debug|Any CPU
		{4F5CCDC3-2542-4FEA-90DD-3E75AFC52EA1}.Debug|x64.ActiveCfg = Debug|Any CPU
		{4F5CCDC3-2542-4FEA-90DD-3E75AFC52EA1}.Debug|x64.Build.0 = Debug|Any CPU
		{4F5CCDC3-2542-4FEA-90DD-3E75AFC52EA1}.Release|Any CPU.ActiveCfg = Release|Any CPU
		{4F5CCDC3-2542-4FEA-90DD-3E75AFC52EA1}.Release|Any CPU.Build.0 = Release|Any CPU
		{4F5CCDC3-2542-4FEA-90DD-3E75AFC52EA1}.Release|x64.ActiveCfg = Release|Any CPU
		{4F5CCDC3-2542-4FEA-90DD-3E75AFC52EA1}.Release|x64.Build.0 = Release|Any CPU
		{81074CB8-1A48-49B6-AACD-5F402F09AC26}.Debug Full Cook|Any CPU.ActiveCfg = Debug|Any CPU
		{81074CB8-1A48-49B6-AACD-5F402F09AC26}.Debug Full Cook|Any CPU.Build.0 = Debug|Any CPU
		{81074CB8-1A48-49B6-AACD-5F402F09AC26}.Debug Full Cook|x64.ActiveCfg = Debug|Any CPU
		{81074CB8-1A48-49B6-AACD-5F402F09AC26}.Debug Full Cook|x64.Build.0 = Debug|Any CPU
		{81074CB8-1A48-49B6-AACD-5F402F09AC26}.Debug|Any CPU.ActiveCfg = Debug|Any CPU
		{81074CB8-1A48-49B6-AACD-5F402F09AC26}.Debug|Any CPU.Build.0 = Debug|Any CPU
		{81074CB8-1A48-49B6-AACD-5F402F09AC26}.Debug|x64.ActiveCfg = Debug|Any CPU
		{81074CB8-1A48-49B6-AACD-5F402F09AC26}.Debug|x64.Build.0 = Debug|Any CPU
		{81074CB8-1A48-49B6-AACD-5F402F09AC26}.Release|Any CPU.ActiveCfg = Release|Any CPU
		{81074CB8-1A48-49B6-AACD-5F402F09AC26}.Release|Any CPU.Build.0 = Release|Any CPU
		{81074CB8-1A48-49B6-AACD-5F402F09AC26}.Release|x64.ActiveCfg = Release|Any CPU
		{81074CB8-1A48-49B6-AACD-5F402F09AC26}.Release|x64.Build.0 = Release|Any CPU
		{359728D3-65D3-4565-BF53-0B842E7795A4}.Debug Full Cook|Any CPU.ActiveCfg = Debug|Any CPU
		{359728D3-65D3-4565-BF53-0B842E7795A4}.Debug Full Cook|Any CPU.Build.0 = Debug|Any CPU
		{359728D3-65D3-4565-BF53-0B842E7795A4}.Debug Full Cook|x64.ActiveCfg = Debug|Any CPU
		{359728D3-65D3-4565-BF53-0B842E7795A4}.Debug Full Cook|x64.Build.0 = Debug|Any CPU
		{359728D3-65D3-4565-BF53-0B842E7795A4}.Debug|Any CPU.ActiveCfg = Debug|Any CPU
		{359728D3-65D3-4565-BF53-0B842E7795A4}.Debug|Any CPU.Build.0 = Debug|Any CPU
		{359728D3-65D3-4565-BF53-0B842E7795A4}.Debug|x64.ActiveCfg = Debug|Any CPU
		{359728D3-65D3-4565-BF53-0B842E7795A4}.Debug|x64.Build.0 = Debug|Any CPU
		{359728D3-65D3-4565-BF53-0B842E7795A4}.Release|Any CPU.ActiveCfg = Release|Any CPU
		{359728D3-65D3-4565-BF53-0B842E7795A4}.Release|Any CPU.Build.0 = Release|Any CPU
		{359728D3-65D3-4565-BF53-0B842E7795A4}.Release|x64.ActiveCfg = Release|Any CPU
		{359728D3-65D3-4565-BF53-0B842E7795A4}.Release|x64.Build.0 = Release|Any CPU
		{394F4590-2DEA-4023-89E9-45831C76762D}.Debug Full Cook|Any CPU.ActiveCfg = Debug|Any CPU
		{394F4590-2DEA-4023-89E9-45831C76762D}.Debug Full Cook|Any CPU.Build.0 = Debug|Any CPU
		{394F4590-2DEA-4023-89E9-45831C76762D}.Debug Full Cook|x64.ActiveCfg = Debug|Any CPU
		{394F4590-2DEA-4023-89E9-45831C76762D}.Debug Full Cook|x64.Build.0 = Debug|Any CPU
		{394F4590-2DEA-4023-89E9-45831C76762D}.Debug|Any CPU.ActiveCfg = Debug|Any CPU
		{394F4590-2DEA-4023-89E9-45831C76762D}.Debug|Any CPU.Build.0 = Debug|Any CPU
		{394F4590-2DEA-4023-89E9-45831C76762D}.Debug|x64.ActiveCfg = Debug|Any CPU
		{394F4590-2DEA-4023-89E9-45831C76762D}.Debug|x64.Build.0 = Debug|Any CPU
		{394F4590-2DEA-4023-89E9-45831C76762D}.Release|Any CPU.ActiveCfg = Release|Any CPU
		{394F4590-2DEA-4023-89E9-45831C76762D}.Release|Any CPU.Build.0 = Release|Any CPU
		{394F4590-2DEA-4023-89E9-45831C76762D}.Release|x64.ActiveCfg = Release|Any CPU
		{394F4590-2DEA-4023-89E9-45831C76762D}.Release|x64.Build.0 = Release|Any CPU
		{248B7FF5-090C-4849-8F75-8FB357946CAF}.Debug Full Cook|Any CPU.ActiveCfg = Debug|Any CPU
		{248B7FF5-090C-4849-8F75-8FB357946CAF}.Debug Full Cook|Any CPU.Build.0 = Debug|Any CPU
		{248B7FF5-090C-4849-8F75-8FB357946CAF}.Debug Full Cook|x64.ActiveCfg = Debug|Any CPU
		{248B7FF5-090C-4849-8F75-8FB357946CAF}.Debug Full Cook|x64.Build.0 = Debug|Any CPU
		{248B7FF5-090C-4849-8F75-8FB357946CAF}.Debug|Any CPU.ActiveCfg = Debug|Any CPU
		{248B7FF5-090C-4849-8F75-8FB357946CAF}.Debug|Any CPU.Build.0 = Debug|Any CPU
		{248B7FF5-090C-4849-8F75-8FB357946CAF}.Debug|x64.ActiveCfg = Debug|Any CPU
		{248B7FF5-090C-4849-8F75-8FB357946CAF}.Debug|x64.Build.0 = Debug|Any CPU
		{248B7FF5-090C-4849-8F75-8FB357946CAF}.Release|Any CPU.ActiveCfg = Release|Any CPU
		{248B7FF5-090C-4849-8F75-8FB357946CAF}.Release|Any CPU.Build.0 = Release|Any CPU
		{248B7FF5-090C-4849-8F75-8FB357946CAF}.Release|x64.ActiveCfg = Release|Any CPU
		{248B7FF5-090C-4849-8F75-8FB357946CAF}.Release|x64.Build.0 = Release|Any CPU
		{9D6210E4-B1F1-4C38-9891-5176FBF1CACE}.Debug Full Cook|Any CPU.ActiveCfg = Debug|Any CPU
		{9D6210E4-B1F1-4C38-9891-5176FBF1CACE}.Debug Full Cook|Any CPU.Build.0 = Debug|Any CPU
		{9D6210E4-B1F1-4C38-9891-5176FBF1CACE}.Debug Full Cook|x64.ActiveCfg = Debug|Any CPU
		{9D6210E4-B1F1-4C38-9891-5176FBF1CACE}.Debug Full Cook|x64.Build.0 = Debug|Any CPU
		{9D6210E4-B1F1-4C38-9891-5176FBF1CACE}.Debug|Any CPU.ActiveCfg = Debug|Any CPU
		{9D6210E4-B1F1-4C38-9891-5176FBF1CACE}.Debug|Any CPU.Build.0 = Debug|Any CPU
		{9D6210E4-B1F1-4C38-9891-5176FBF1CACE}.Debug|x64.ActiveCfg = Debug|Any CPU
		{9D6210E4-B1F1-4C38-9891-5176FBF1CACE}.Debug|x64.Build.0 = Debug|Any CPU
		{9D6210E4-B1F1-4C38-9891-5176FBF1CACE}.Release|Any CPU.ActiveCfg = Release|Any CPU
		{9D6210E4-B1F1-4C38-9891-5176FBF1CACE}.Release|Any CPU.Build.0 = Release|Any CPU
		{9D6210E4-B1F1-4C38-9891-5176FBF1CACE}.Release|x64.ActiveCfg = Release|Any CPU
		{9D6210E4-B1F1-4C38-9891-5176FBF1CACE}.Release|x64.Build.0 = Release|Any CPU
		{1CBB1E81-AC0B-405D-B939-1AF1854D80D0}.Debug Full Cook|Any CPU.ActiveCfg = Debug|Any CPU
		{1CBB1E81-AC0B-405D-B939-1AF1854D80D0}.Debug Full Cook|Any CPU.Build.0 = Debug|Any CPU
		{1CBB1E81-AC0B-405D-B939-1AF1854D80D0}.Debug Full Cook|x64.ActiveCfg = Debug|Any CPU
		{1CBB1E81-AC0B-405D-B939-1AF1854D80D0}.Debug Full Cook|x64.Build.0 = Debug|Any CPU
		{1CBB1E81-AC0B-405D-B939-1AF1854D80D0}.Debug|Any CPU.ActiveCfg = Debug|Any CPU
		{1CBB1E81-AC0B-405D-B939-1AF1854D80D0}.Debug|Any CPU.Build.0 = Debug|Any CPU
		{1CBB1E81-AC0B-405D-B939-1AF1854D80D0}.Debug|x64.ActiveCfg = Debug|Any CPU
		{1CBB1E81-AC0B-405D-B939-1AF1854D80D0}.Debug|x64.Build.0 = Debug|Any CPU
		{1CBB1E81-AC0B-405D-B939-1AF1854D80D0}.Release|Any CPU.ActiveCfg = Release|Any CPU
		{1CBB1E81-AC0B-405D-B939-1AF1854D80D0}.Release|Any CPU.Build.0 = Release|Any CPU
		{1CBB1E81-AC0B-405D-B939-1AF1854D80D0}.Release|x64.ActiveCfg = Release|Any CPU
		{1CBB1E81-AC0B-405D-B939-1AF1854D80D0}.Release|x64.Build.0 = Release|Any CPU
		{8D1BC712-AB2A-41EF-98EF-FC11ECDCDED5}.Debug Full Cook|Any CPU.ActiveCfg = Debug|Any CPU
		{8D1BC712-AB2A-41EF-98EF-FC11ECDCDED5}.Debug Full Cook|Any CPU.Build.0 = Debug|Any CPU
		{8D1BC712-AB2A-41EF-98EF-FC11ECDCDED5}.Debug Full Cook|x64.ActiveCfg = Debug|Any CPU
		{8D1BC712-AB2A-41EF-98EF-FC11ECDCDED5}.Debug Full Cook|x64.Build.0 = Debug|Any CPU
		{8D1BC712-AB2A-41EF-98EF-FC11ECDCDED5}.Debug|Any CPU.ActiveCfg = Debug|Any CPU
		{8D1BC712-AB2A-41EF-98EF-FC11ECDCDED5}.Debug|Any CPU.Build.0 = Debug|Any CPU
		{8D1BC712-AB2A-41EF-98EF-FC11ECDCDED5}.Debug|x64.ActiveCfg = Debug|Any CPU
		{8D1BC712-AB2A-41EF-98EF-FC11ECDCDED5}.Debug|x64.Build.0 = Debug|Any CPU
		{8D1BC712-AB2A-41EF-98EF-FC11ECDCDED5}.Release|Any CPU.ActiveCfg = Release|Any CPU
		{8D1BC712-AB2A-41EF-98EF-FC11ECDCDED5}.Release|Any CPU.Build.0 = Release|Any CPU
		{8D1BC712-AB2A-41EF-98EF-FC11ECDCDED5}.Release|x64.ActiveCfg = Release|Any CPU
		{8D1BC712-AB2A-41EF-98EF-FC11ECDCDED5}.Release|x64.Build.0 = Release|Any CPU
		{7742A263-92DD-43DA-A5AB-BD54341CB9F1}.Debug Full Cook|Any CPU.ActiveCfg = Debug|Any CPU
		{7742A263-92DD-43DA-A5AB-BD54341CB9F1}.Debug Full Cook|Any CPU.Build.0 = Debug|Any CPU
		{7742A263-92DD-43DA-A5AB-BD54341CB9F1}.Debug Full Cook|x64.ActiveCfg = Debug|Any CPU
		{7742A263-92DD-43DA-A5AB-BD54341CB9F1}.Debug Full Cook|x64.Build.0 = Debug|Any CPU
		{7742A263-92DD-43DA-A5AB-BD54341CB9F1}.Debug|Any CPU.ActiveCfg = Debug|Any CPU
		{7742A263-92DD-43DA-A5AB-BD54341CB9F1}.Debug|Any CPU.Build.0 = Debug|Any CPU
		{7742A263-92DD-43DA-A5AB-BD54341CB9F1}.Debug|x64.ActiveCfg = Debug|Any CPU
		{7742A263-92DD-43DA-A5AB-BD54341CB9F1}.Debug|x64.Build.0 = Debug|Any CPU
		{7742A263-92DD-43DA-A5AB-BD54341CB9F1}.Release|Any CPU.ActiveCfg = Release|Any CPU
		{7742A263-92DD-43DA-A5AB-BD54341CB9F1}.Release|Any CPU.Build.0 = Release|Any CPU
		{7742A263-92DD-43DA-A5AB-BD54341CB9F1}.Release|x64.ActiveCfg = Release|Any CPU
		{7742A263-92DD-43DA-A5AB-BD54341CB9F1}.Release|x64.Build.0 = Release|Any CPU
		{B8FA103A-173D-4C1C-8141-C12658E8ABC9}.Debug Full Cook|Any CPU.ActiveCfg = Debug|Any CPU
		{B8FA103A-173D-4C1C-8141-C12658E8ABC9}.Debug Full Cook|Any CPU.Build.0 = Debug|Any CPU
		{B8FA103A-173D-4C1C-8141-C12658E8ABC9}.Debug Full Cook|x64.ActiveCfg = Debug|Any CPU
		{B8FA103A-173D-4C1C-8141-C12658E8ABC9}.Debug Full Cook|x64.Build.0 = Debug|Any CPU
		{B8FA103A-173D-4C1C-8141-C12658E8ABC9}.Debug|Any CPU.ActiveCfg = Debug|Any CPU
		{B8FA103A-173D-4C1C-8141-C12658E8ABC9}.Debug|Any CPU.Build.0 = Debug|Any CPU
		{B8FA103A-173D-4C1C-8141-C12658E8ABC9}.Debug|x64.ActiveCfg = Debug|Any CPU
		{B8FA103A-173D-4C1C-8141-C12658E8ABC9}.Debug|x64.Build.0 = Debug|Any CPU
		{B8FA103A-173D-4C1C-8141-C12658E8ABC9}.Release|Any CPU.ActiveCfg = Release|Any CPU
		{B8FA103A-173D-4C1C-8141-C12658E8ABC9}.Release|Any CPU.Build.0 = Release|Any CPU
		{B8FA103A-173D-4C1C-8141-C12658E8ABC9}.Release|x64.ActiveCfg = Release|Any CPU
		{B8FA103A-173D-4C1C-8141-C12658E8ABC9}.Release|x64.Build.0 = Release|Any CPU
		{D9D34E11-8E2D-41F3-83FC-98410057F6DF}.Debug Full Cook|Any CPU.ActiveCfg = Debug|Any CPU
		{D9D34E11-8E2D-41F3-83FC-98410057F6DF}.Debug Full Cook|Any CPU.Build.0 = Debug|Any CPU
		{D9D34E11-8E2D-41F3-83FC-98410057F6DF}.Debug Full Cook|x64.ActiveCfg = Debug|Any CPU
		{D9D34E11-8E2D-41F3-83FC-98410057F6DF}.Debug Full Cook|x64.Build.0 = Debug|Any CPU
		{D9D34E11-8E2D-41F3-83FC-98410057F6DF}.Debug|Any CPU.ActiveCfg = Debug|Any CPU
		{D9D34E11-8E2D-41F3-83FC-98410057F6DF}.Debug|Any CPU.Build.0 = Debug|Any CPU
		{D9D34E11-8E2D-41F3-83FC-98410057F6DF}.Debug|x64.ActiveCfg = Debug|Any CPU
		{D9D34E11-8E2D-41F3-83FC-98410057F6DF}.Debug|x64.Build.0 = Debug|Any CPU
		{D9D34E11-8E2D-41F3-83FC-98410057F6DF}.Release|Any CPU.ActiveCfg = Release|Any CPU
		{D9D34E11-8E2D-41F3-83FC-98410057F6DF}.Release|Any CPU.Build.0 = Release|Any CPU
		{D9D34E11-8E2D-41F3-83FC-98410057F6DF}.Release|x64.ActiveCfg = Release|Any CPU
		{D9D34E11-8E2D-41F3-83FC-98410057F6DF}.Release|x64.Build.0 = Release|Any CPU
		{1FA0355C-EEDD-4226-B91D-C6AE69722859}.Debug Full Cook|Any CPU.ActiveCfg = Debug|Any CPU
		{1FA0355C-EEDD-4226-B91D-C6AE69722859}.Debug Full Cook|Any CPU.Build.0 = Debug|Any CPU
		{1FA0355C-EEDD-4226-B91D-C6AE69722859}.Debug Full Cook|x64.ActiveCfg = Debug|Any CPU
		{1FA0355C-EEDD-4226-B91D-C6AE69722859}.Debug Full Cook|x64.Build.0 = Debug|Any CPU
		{1FA0355C-EEDD-4226-B91D-C6AE69722859}.Debug|Any CPU.ActiveCfg = Debug|Any CPU
		{1FA0355C-EEDD-4226-B91D-C6AE69722859}.Debug|Any CPU.Build.0 = Debug|Any CPU
		{1FA0355C-EEDD-4226-B91D-C6AE69722859}.Debug|x64.ActiveCfg = Debug|Any CPU
		{1FA0355C-EEDD-4226-B91D-C6AE69722859}.Debug|x64.Build.0 = Debug|Any CPU
		{1FA0355C-EEDD-4226-B91D-C6AE69722859}.Release|Any CPU.ActiveCfg = Release|Any CPU
		{1FA0355C-EEDD-4226-B91D-C6AE69722859}.Release|Any CPU.Build.0 = Release|Any CPU
		{1FA0355C-EEDD-4226-B91D-C6AE69722859}.Release|x64.ActiveCfg = Release|Any CPU
		{1FA0355C-EEDD-4226-B91D-C6AE69722859}.Release|x64.Build.0 = Release|Any CPU
		{519DEC42-DF42-4F69-8814-3CF99C5D9559}.Debug Full Cook|Any CPU.ActiveCfg = Debug|Any CPU
		{519DEC42-DF42-4F69-8814-3CF99C5D9559}.Debug Full Cook|Any CPU.Build.0 = Debug|Any CPU
		{519DEC42-DF42-4F69-8814-3CF99C5D9559}.Debug Full Cook|x64.ActiveCfg = Debug|Any CPU
		{519DEC42-DF42-4F69-8814-3CF99C5D9559}.Debug Full Cook|x64.Build.0 = Debug|Any CPU
		{519DEC42-DF42-4F69-8814-3CF99C5D9559}.Debug|Any CPU.ActiveCfg = Debug|Any CPU
		{519DEC42-DF42-4F69-8814-3CF99C5D9559}.Debug|Any CPU.Build.0 = Debug|Any CPU
		{519DEC42-DF42-4F69-8814-3CF99C5D9559}.Debug|x64.ActiveCfg = Debug|Any CPU
		{519DEC42-DF42-4F69-8814-3CF99C5D9559}.Debug|x64.Build.0 = Debug|Any CPU
		{519DEC42-DF42-4F69-8814-3CF99C5D9559}.Release|Any CPU.ActiveCfg = Release|Any CPU
		{519DEC42-DF42-4F69-8814-3CF99C5D9559}.Release|Any CPU.Build.0 = Release|Any CPU
		{519DEC42-DF42-4F69-8814-3CF99C5D9559}.Release|x64.ActiveCfg = Release|Any CPU
		{519DEC42-DF42-4F69-8814-3CF99C5D9559}.Release|x64.Build.0 = Release|Any CPU
		{07CCE691-82CA-44B0-80C5-91BF96BF2F15}.Debug Full Cook|Any CPU.ActiveCfg = Debug|Any CPU
		{07CCE691-82CA-44B0-80C5-91BF96BF2F15}.Debug Full Cook|Any CPU.Build.0 = Debug|Any CPU
		{07CCE691-82CA-44B0-80C5-91BF96BF2F15}.Debug Full Cook|x64.ActiveCfg = Debug|Any CPU
		{07CCE691-82CA-44B0-80C5-91BF96BF2F15}.Debug Full Cook|x64.Build.0 = Debug|Any CPU
		{07CCE691-82CA-44B0-80C5-91BF96BF2F15}.Debug|Any CPU.ActiveCfg = Debug|Any CPU
		{07CCE691-82CA-44B0-80C5-91BF96BF2F15}.Debug|Any CPU.Build.0 = Debug|Any CPU
		{07CCE691-82CA-44B0-80C5-91BF96BF2F15}.Debug|x64.ActiveCfg = Debug|Any CPU
		{07CCE691-82CA-44B0-80C5-91BF96BF2F15}.Debug|x64.Build.0 = Debug|Any CPU
		{07CCE691-82CA-44B0-80C5-91BF96BF2F15}.Release|Any CPU.ActiveCfg = Release|Any CPU
		{07CCE691-82CA-44B0-80C5-91BF96BF2F15}.Release|Any CPU.Build.0 = Release|Any CPU
		{07CCE691-82CA-44B0-80C5-91BF96BF2F15}.Release|x64.ActiveCfg = Release|Any CPU
		{07CCE691-82CA-44B0-80C5-91BF96BF2F15}.Release|x64.Build.0 = Release|Any CPU
		{4B1DBD4D-9C90-4849-8A6E-C1EDF9A4DFE8}.Debug Full Cook|Any CPU.ActiveCfg = Debug|Any CPU
		{4B1DBD4D-9C90-4849-8A6E-C1EDF9A4DFE8}.Debug Full Cook|Any CPU.Build.0 = Debug|Any CPU
		{4B1DBD4D-9C90-4849-8A6E-C1EDF9A4DFE8}.Debug Full Cook|x64.ActiveCfg = Debug|Any CPU
		{4B1DBD4D-9C90-4849-8A6E-C1EDF9A4DFE8}.Debug Full Cook|x64.Build.0 = Debug|Any CPU
		{4B1DBD4D-9C90-4849-8A6E-C1EDF9A4DFE8}.Debug|Any CPU.ActiveCfg = Debug|Any CPU
		{4B1DBD4D-9C90-4849-8A6E-C1EDF9A4DFE8}.Debug|Any CPU.Build.0 = Debug|Any CPU
		{4B1DBD4D-9C90-4849-8A6E-C1EDF9A4DFE8}.Debug|x64.ActiveCfg = Debug|Any CPU
		{4B1DBD4D-9C90-4849-8A6E-C1EDF9A4DFE8}.Debug|x64.Build.0 = Debug|Any CPU
		{4B1DBD4D-9C90-4849-8A6E-C1EDF9A4DFE8}.Release|Any CPU.ActiveCfg = Release|Any CPU
		{4B1DBD4D-9C90-4849-8A6E-C1EDF9A4DFE8}.Release|Any CPU.Build.0 = Release|Any CPU
		{4B1DBD4D-9C90-4849-8A6E-C1EDF9A4DFE8}.Release|x64.ActiveCfg = Release|Any CPU
		{4B1DBD4D-9C90-4849-8A6E-C1EDF9A4DFE8}.Release|x64.Build.0 = Release|Any CPU
		{F2CA0C9B-87EA-41B7-9734-ABE944FB511A}.Debug Full Cook|Any CPU.ActiveCfg = Debug|Any CPU
		{F2CA0C9B-87EA-41B7-9734-ABE944FB511A}.Debug Full Cook|Any CPU.Build.0 = Debug|Any CPU
		{F2CA0C9B-87EA-41B7-9734-ABE944FB511A}.Debug Full Cook|x64.ActiveCfg = Debug|Any CPU
		{F2CA0C9B-87EA-41B7-9734-ABE944FB511A}.Debug Full Cook|x64.Build.0 = Debug|Any CPU
		{F2CA0C9B-87EA-41B7-9734-ABE944FB511A}.Debug|Any CPU.ActiveCfg = Debug|Any CPU
		{F2CA0C9B-87EA-41B7-9734-ABE944FB511A}.Debug|Any CPU.Build.0 = Debug|Any CPU
		{F2CA0C9B-87EA-41B7-9734-ABE944FB511A}.Debug|x64.ActiveCfg = Debug|Any CPU
		{F2CA0C9B-87EA-41B7-9734-ABE944FB511A}.Debug|x64.Build.0 = Debug|Any CPU
		{F2CA0C9B-87EA-41B7-9734-ABE944FB511A}.Release|Any CPU.ActiveCfg = Release|Any CPU
		{F2CA0C9B-87EA-41B7-9734-ABE944FB511A}.Release|Any CPU.Build.0 = Release|Any CPU
		{F2CA0C9B-87EA-41B7-9734-ABE944FB511A}.Release|x64.ActiveCfg = Release|Any CPU
		{F2CA0C9B-87EA-41B7-9734-ABE944FB511A}.Release|x64.Build.0 = Release|Any CPU
		{1C83C740-CF8B-4386-9693-7493971D348F}.Debug Full Cook|Any CPU.ActiveCfg = Debug|Any CPU
		{1C83C740-CF8B-4386-9693-7493971D348F}.Debug Full Cook|Any CPU.Build.0 = Debug|Any CPU
		{1C83C740-CF8B-4386-9693-7493971D348F}.Debug Full Cook|x64.ActiveCfg = Debug|Any CPU
		{1C83C740-CF8B-4386-9693-7493971D348F}.Debug Full Cook|x64.Build.0 = Debug|Any CPU
		{1C83C740-CF8B-4386-9693-7493971D348F}.Debug|Any CPU.ActiveCfg = Debug|Any CPU
		{1C83C740-CF8B-4386-9693-7493971D348F}.Debug|Any CPU.Build.0 = Debug|Any CPU
		{1C83C740-CF8B-4386-9693-7493971D348F}.Debug|x64.ActiveCfg = Debug|Any CPU
		{1C83C740-CF8B-4386-9693-7493971D348F}.Debug|x64.Build.0 = Debug|Any CPU
		{1C83C740-CF8B-4386-9693-7493971D348F}.Release|Any CPU.ActiveCfg = Release|Any CPU
		{1C83C740-CF8B-4386-9693-7493971D348F}.Release|Any CPU.Build.0 = Release|Any CPU
		{1C83C740-CF8B-4386-9693-7493971D348F}.Release|x64.ActiveCfg = Release|Any CPU
		{1C83C740-CF8B-4386-9693-7493971D348F}.Release|x64.Build.0 = Release|Any CPU
		{D71CE5B6-0D1A-44E2-B053-97575FBBE7BA}.Debug Full Cook|Any CPU.ActiveCfg = Debug|Any CPU
		{D71CE5B6-0D1A-44E2-B053-97575FBBE7BA}.Debug Full Cook|Any CPU.Build.0 = Debug|Any CPU
		{D71CE5B6-0D1A-44E2-B053-97575FBBE7BA}.Debug Full Cook|x64.ActiveCfg = Debug|Any CPU
		{D71CE5B6-0D1A-44E2-B053-97575FBBE7BA}.Debug Full Cook|x64.Build.0 = Debug|Any CPU
		{D71CE5B6-0D1A-44E2-B053-97575FBBE7BA}.Debug|Any CPU.ActiveCfg = Debug|Any CPU
		{D71CE5B6-0D1A-44E2-B053-97575FBBE7BA}.Debug|Any CPU.Build.0 = Debug|Any CPU
		{D71CE5B6-0D1A-44E2-B053-97575FBBE7BA}.Debug|x64.ActiveCfg = Debug|Any CPU
		{D71CE5B6-0D1A-44E2-B053-97575FBBE7BA}.Debug|x64.Build.0 = Debug|Any CPU
		{D71CE5B6-0D1A-44E2-B053-97575FBBE7BA}.Release|Any CPU.ActiveCfg = Release|Any CPU
		{D71CE5B6-0D1A-44E2-B053-97575FBBE7BA}.Release|Any CPU.Build.0 = Release|Any CPU
		{D71CE5B6-0D1A-44E2-B053-97575FBBE7BA}.Release|x64.ActiveCfg = Release|Any CPU
		{D71CE5B6-0D1A-44E2-B053-97575FBBE7BA}.Release|x64.Build.0 = Release|Any CPU
		{C558DCE2-5EC4-4123-933D-11EA6AA38B96}.Debug Full Cook|Any CPU.ActiveCfg = Debug|Any CPU
		{C558DCE2-5EC4-4123-933D-11EA6AA38B96}.Debug Full Cook|Any CPU.Build.0 = Debug|Any CPU
		{C558DCE2-5EC4-4123-933D-11EA6AA38B96}.Debug Full Cook|x64.ActiveCfg = Debug|Any CPU
		{C558DCE2-5EC4-4123-933D-11EA6AA38B96}.Debug Full Cook|x64.Build.0 = Debug|Any CPU
		{C558DCE2-5EC4-4123-933D-11EA6AA38B96}.Debug|Any CPU.ActiveCfg = Debug|Any CPU
		{C558DCE2-5EC4-4123-933D-11EA6AA38B96}.Debug|Any CPU.Build.0 = Debug|Any CPU
		{C558DCE2-5EC4-4123-933D-11EA6AA38B96}.Debug|x64.ActiveCfg = Debug|Any CPU
		{C558DCE2-5EC4-4123-933D-11EA6AA38B96}.Debug|x64.Build.0 = Debug|Any CPU
		{C558DCE2-5EC4-4123-933D-11EA6AA38B96}.Release|Any CPU.ActiveCfg = Release|Any CPU
		{C558DCE2-5EC4-4123-933D-11EA6AA38B96}.Release|Any CPU.Build.0 = Release|Any CPU
		{C558DCE2-5EC4-4123-933D-11EA6AA38B96}.Release|x64.ActiveCfg = Release|Any CPU
		{C558DCE2-5EC4-4123-933D-11EA6AA38B96}.Release|x64.Build.0 = Release|Any CPU
		{D8DABAE0-FC92-4FCB-9808-9F56CA1C7DD9}.Debug Full Cook|Any CPU.ActiveCfg = Debug|Any CPU
		{D8DABAE0-FC92-4FCB-9808-9F56CA1C7DD9}.Debug Full Cook|Any CPU.Build.0 = Debug|Any CPU
		{D8DABAE0-FC92-4FCB-9808-9F56CA1C7DD9}.Debug Full Cook|x64.ActiveCfg = Debug|Any CPU
		{D8DABAE0-FC92-4FCB-9808-9F56CA1C7DD9}.Debug Full Cook|x64.Build.0 = Debug|Any CPU
		{D8DABAE0-FC92-4FCB-9808-9F56CA1C7DD9}.Debug|Any CPU.ActiveCfg = Debug|Any CPU
		{D8DABAE0-FC92-4FCB-9808-9F56CA1C7DD9}.Debug|Any CPU.Build.0 = Debug|Any CPU
		{D8DABAE0-FC92-4FCB-9808-9F56CA1C7DD9}.Debug|x64.ActiveCfg = Debug|Any CPU
		{D8DABAE0-FC92-4FCB-9808-9F56CA1C7DD9}.Debug|x64.Build.0 = Debug|Any CPU
		{D8DABAE0-FC92-4FCB-9808-9F56CA1C7DD9}.Release|Any CPU.ActiveCfg = Release|Any CPU
		{D8DABAE0-FC92-4FCB-9808-9F56CA1C7DD9}.Release|Any CPU.Build.0 = Release|Any CPU
		{D8DABAE0-FC92-4FCB-9808-9F56CA1C7DD9}.Release|x64.ActiveCfg = Release|Any CPU
		{D8DABAE0-FC92-4FCB-9808-9F56CA1C7DD9}.Release|x64.Build.0 = Release|Any CPU
		{AF35D1E4-F861-4793-8342-0881C2D85287}.Debug Full Cook|Any CPU.ActiveCfg = Debug|Any CPU
		{AF35D1E4-F861-4793-8342-0881C2D85287}.Debug Full Cook|Any CPU.Build.0 = Debug|Any CPU
		{AF35D1E4-F861-4793-8342-0881C2D85287}.Debug Full Cook|x64.ActiveCfg = Debug|Any CPU
		{AF35D1E4-F861-4793-8342-0881C2D85287}.Debug Full Cook|x64.Build.0 = Debug|Any CPU
		{AF35D1E4-F861-4793-8342-0881C2D85287}.Debug|Any CPU.ActiveCfg = Debug|Any CPU
		{AF35D1E4-F861-4793-8342-0881C2D85287}.Debug|Any CPU.Build.0 = Debug|Any CPU
		{AF35D1E4-F861-4793-8342-0881C2D85287}.Debug|x64.ActiveCfg = Debug|Any CPU
		{AF35D1E4-F861-4793-8342-0881C2D85287}.Debug|x64.Build.0 = Debug|Any CPU
		{AF35D1E4-F861-4793-8342-0881C2D85287}.Release|Any CPU.ActiveCfg = Release|Any CPU
		{AF35D1E4-F861-4793-8342-0881C2D85287}.Release|Any CPU.Build.0 = Release|Any CPU
		{AF35D1E4-F861-4793-8342-0881C2D85287}.Release|x64.ActiveCfg = Release|Any CPU
		{AF35D1E4-F861-4793-8342-0881C2D85287}.Release|x64.Build.0 = Release|Any CPU
		{51581242-064A-4BB3-B40B-3DBAE4D34B8F}.Debug Full Cook|Any CPU.ActiveCfg = Debug|Any CPU
		{51581242-064A-4BB3-B40B-3DBAE4D34B8F}.Debug Full Cook|Any CPU.Build.0 = Debug|Any CPU
		{51581242-064A-4BB3-B40B-3DBAE4D34B8F}.Debug Full Cook|x64.ActiveCfg = Debug|Any CPU
		{51581242-064A-4BB3-B40B-3DBAE4D34B8F}.Debug Full Cook|x64.Build.0 = Debug|Any CPU
		{51581242-064A-4BB3-B40B-3DBAE4D34B8F}.Debug|Any CPU.ActiveCfg = Debug|Any CPU
		{51581242-064A-4BB3-B40B-3DBAE4D34B8F}.Debug|Any CPU.Build.0 = Debug|Any CPU
		{51581242-064A-4BB3-B40B-3DBAE4D34B8F}.Debug|x64.ActiveCfg = Debug|Any CPU
		{51581242-064A-4BB3-B40B-3DBAE4D34B8F}.Debug|x64.Build.0 = Debug|Any CPU
		{51581242-064A-4BB3-B40B-3DBAE4D34B8F}.Release|Any CPU.ActiveCfg = Release|Any CPU
		{51581242-064A-4BB3-B40B-3DBAE4D34B8F}.Release|Any CPU.Build.0 = Release|Any CPU
		{51581242-064A-4BB3-B40B-3DBAE4D34B8F}.Release|x64.ActiveCfg = Release|Any CPU
		{51581242-064A-4BB3-B40B-3DBAE4D34B8F}.Release|x64.Build.0 = Release|Any CPU
		{1F5BC522-5F1D-4908-AECF-E01D0593F43B}.Debug Full Cook|Any CPU.ActiveCfg = Debug|Any CPU
		{1F5BC522-5F1D-4908-AECF-E01D0593F43B}.Debug Full Cook|Any CPU.Build.0 = Debug|Any CPU
		{1F5BC522-5F1D-4908-AECF-E01D0593F43B}.Debug Full Cook|x64.ActiveCfg = Debug|Any CPU
		{1F5BC522-5F1D-4908-AECF-E01D0593F43B}.Debug Full Cook|x64.Build.0 = Debug|Any CPU
		{1F5BC522-5F1D-4908-AECF-E01D0593F43B}.Debug|Any CPU.ActiveCfg = Debug|Any CPU
		{1F5BC522-5F1D-4908-AECF-E01D0593F43B}.Debug|Any CPU.Build.0 = Debug|Any CPU
		{1F5BC522-5F1D-4908-AECF-E01D0593F43B}.Debug|x64.ActiveCfg = Debug|Any CPU
		{1F5BC522-5F1D-4908-AECF-E01D0593F43B}.Debug|x64.Build.0 = Debug|Any CPU
		{1F5BC522-5F1D-4908-AECF-E01D0593F43B}.Release|Any CPU.ActiveCfg = Release|Any CPU
		{1F5BC522-5F1D-4908-AECF-E01D0593F43B}.Release|Any CPU.Build.0 = Release|Any CPU
		{1F5BC522-5F1D-4908-AECF-E01D0593F43B}.Release|x64.ActiveCfg = Release|Any CPU
		{1F5BC522-5F1D-4908-AECF-E01D0593F43B}.Release|x64.Build.0 = Release|Any CPU
		{C2AAF17A-D921-4760-A26A-B3D9C30FA672}.Debug Full Cook|Any CPU.ActiveCfg = Debug|Any CPU
		{C2AAF17A-D921-4760-A26A-B3D9C30FA672}.Debug Full Cook|Any CPU.Build.0 = Debug|Any CPU
		{C2AAF17A-D921-4760-A26A-B3D9C30FA672}.Debug Full Cook|x64.ActiveCfg = Debug|Any CPU
		{C2AAF17A-D921-4760-A26A-B3D9C30FA672}.Debug Full Cook|x64.Build.0 = Debug|Any CPU
		{C2AAF17A-D921-4760-A26A-B3D9C30FA672}.Debug|Any CPU.ActiveCfg = Debug|Any CPU
		{C2AAF17A-D921-4760-A26A-B3D9C30FA672}.Debug|Any CPU.Build.0 = Debug|Any CPU
		{C2AAF17A-D921-4760-A26A-B3D9C30FA672}.Debug|x64.ActiveCfg = Debug|Any CPU
		{C2AAF17A-D921-4760-A26A-B3D9C30FA672}.Debug|x64.Build.0 = Debug|Any CPU
		{C2AAF17A-D921-4760-A26A-B3D9C30FA672}.Release|Any CPU.ActiveCfg = Release|Any CPU
		{C2AAF17A-D921-4760-A26A-B3D9C30FA672}.Release|Any CPU.Build.0 = Release|Any CPU
		{C2AAF17A-D921-4760-A26A-B3D9C30FA672}.Release|x64.ActiveCfg = Release|Any CPU
		{C2AAF17A-D921-4760-A26A-B3D9C30FA672}.Release|x64.Build.0 = Release|Any CPU
		{B7652825-A32A-4A1A-BA89-689EBE7B24F8}.Debug Full Cook|Any CPU.ActiveCfg = Debug|Any CPU
		{B7652825-A32A-4A1A-BA89-689EBE7B24F8}.Debug Full Cook|Any CPU.Build.0 = Debug|Any CPU
		{B7652825-A32A-4A1A-BA89-689EBE7B24F8}.Debug Full Cook|x64.ActiveCfg = Debug|Any CPU
		{B7652825-A32A-4A1A-BA89-689EBE7B24F8}.Debug Full Cook|x64.Build.0 = Debug|Any CPU
		{B7652825-A32A-4A1A-BA89-689EBE7B24F8}.Debug|Any CPU.ActiveCfg = Debug|Any CPU
		{B7652825-A32A-4A1A-BA89-689EBE7B24F8}.Debug|Any CPU.Build.0 = Debug|Any CPU
		{B7652825-A32A-4A1A-BA89-689EBE7B24F8}.Debug|x64.ActiveCfg = Debug|Any CPU
		{B7652825-A32A-4A1A-BA89-689EBE7B24F8}.Debug|x64.Build.0 = Debug|Any CPU
		{B7652825-A32A-4A1A-BA89-689EBE7B24F8}.Release|Any CPU.ActiveCfg = Release|Any CPU
		{B7652825-A32A-4A1A-BA89-689EBE7B24F8}.Release|Any CPU.Build.0 = Release|Any CPU
		{B7652825-A32A-4A1A-BA89-689EBE7B24F8}.Release|x64.ActiveCfg = Release|Any CPU
		{B7652825-A32A-4A1A-BA89-689EBE7B24F8}.Release|x64.Build.0 = Release|Any CPU
		{11F8FBD8-444D-4B81-BCA4-B8BF8B1727CD}.Debug Full Cook|Any CPU.ActiveCfg = Debug|Any CPU
		{11F8FBD8-444D-4B81-BCA4-B8BF8B1727CD}.Debug Full Cook|Any CPU.Build.0 = Debug|Any CPU
		{11F8FBD8-444D-4B81-BCA4-B8BF8B1727CD}.Debug Full Cook|x64.ActiveCfg = Debug|Any CPU
		{11F8FBD8-444D-4B81-BCA4-B8BF8B1727CD}.Debug Full Cook|x64.Build.0 = Debug|Any CPU
		{11F8FBD8-444D-4B81-BCA4-B8BF8B1727CD}.Debug|Any CPU.ActiveCfg = Debug|Any CPU
		{11F8FBD8-444D-4B81-BCA4-B8BF8B1727CD}.Debug|Any CPU.Build.0 = Debug|Any CPU
		{11F8FBD8-444D-4B81-BCA4-B8BF8B1727CD}.Debug|x64.ActiveCfg = Debug|Any CPU
		{11F8FBD8-444D-4B81-BCA4-B8BF8B1727CD}.Debug|x64.Build.0 = Debug|Any CPU
		{11F8FBD8-444D-4B81-BCA4-B8BF8B1727CD}.Release|Any CPU.ActiveCfg = Release|Any CPU
		{11F8FBD8-444D-4B81-BCA4-B8BF8B1727CD}.Release|Any CPU.Build.0 = Release|Any CPU
		{11F8FBD8-444D-4B81-BCA4-B8BF8B1727CD}.Release|x64.ActiveCfg = Release|Any CPU
		{11F8FBD8-444D-4B81-BCA4-B8BF8B1727CD}.Release|x64.Build.0 = Release|Any CPU
		{9FB22138-333D-4154-955E-4F7027DAD758}.Debug Full Cook|Any CPU.ActiveCfg = Debug|Any CPU
		{9FB22138-333D-4154-955E-4F7027DAD758}.Debug Full Cook|Any CPU.Build.0 = Debug|Any CPU
		{9FB22138-333D-4154-955E-4F7027DAD758}.Debug Full Cook|x64.ActiveCfg = Debug|Any CPU
		{9FB22138-333D-4154-955E-4F7027DAD758}.Debug Full Cook|x64.Build.0 = Debug|Any CPU
		{9FB22138-333D-4154-955E-4F7027DAD758}.Debug|Any CPU.ActiveCfg = Debug|Any CPU
		{9FB22138-333D-4154-955E-4F7027DAD758}.Debug|Any CPU.Build.0 = Debug|Any CPU
		{9FB22138-333D-4154-955E-4F7027DAD758}.Debug|x64.ActiveCfg = Debug|Any CPU
		{9FB22138-333D-4154-955E-4F7027DAD758}.Debug|x64.Build.0 = Debug|Any CPU
		{9FB22138-333D-4154-955E-4F7027DAD758}.Release|Any CPU.ActiveCfg = Release|Any CPU
		{9FB22138-333D-4154-955E-4F7027DAD758}.Release|Any CPU.Build.0 = Release|Any CPU
		{9FB22138-333D-4154-955E-4F7027DAD758}.Release|x64.ActiveCfg = Release|Any CPU
		{9FB22138-333D-4154-955E-4F7027DAD758}.Release|x64.Build.0 = Release|Any CPU
		{2AD3E6BA-7DCD-4269-B21F-E705BF718D27}.Debug Full Cook|Any CPU.ActiveCfg = Debug|Any CPU
		{2AD3E6BA-7DCD-4269-B21F-E705BF718D27}.Debug Full Cook|Any CPU.Build.0 = Debug|Any CPU
		{2AD3E6BA-7DCD-4269-B21F-E705BF718D27}.Debug Full Cook|x64.ActiveCfg = Debug|Any CPU
		{2AD3E6BA-7DCD-4269-B21F-E705BF718D27}.Debug Full Cook|x64.Build.0 = Debug|Any CPU
		{2AD3E6BA-7DCD-4269-B21F-E705BF718D27}.Debug|Any CPU.ActiveCfg = Debug|Any CPU
		{2AD3E6BA-7DCD-4269-B21F-E705BF718D27}.Debug|Any CPU.Build.0 = Debug|Any CPU
		{2AD3E6BA-7DCD-4269-B21F-E705BF718D27}.Debug|x64.ActiveCfg = Debug|Any CPU
		{2AD3E6BA-7DCD-4269-B21F-E705BF718D27}.Debug|x64.Build.0 = Debug|Any CPU
		{2AD3E6BA-7DCD-4269-B21F-E705BF718D27}.Release|Any CPU.ActiveCfg = Release|Any CPU
		{2AD3E6BA-7DCD-4269-B21F-E705BF718D27}.Release|Any CPU.Build.0 = Release|Any CPU
		{2AD3E6BA-7DCD-4269-B21F-E705BF718D27}.Release|x64.ActiveCfg = Release|Any CPU
		{2AD3E6BA-7DCD-4269-B21F-E705BF718D27}.Release|x64.Build.0 = Release|Any CPU
		{A773CC0F-CDFE-449F-A0EA-AAC703B41625}.Debug Full Cook|Any CPU.ActiveCfg = Debug|Any CPU
		{A773CC0F-CDFE-449F-A0EA-AAC703B41625}.Debug Full Cook|Any CPU.Build.0 = Debug|Any CPU
		{A773CC0F-CDFE-449F-A0EA-AAC703B41625}.Debug Full Cook|x64.ActiveCfg = Debug|Any CPU
		{A773CC0F-CDFE-449F-A0EA-AAC703B41625}.Debug Full Cook|x64.Build.0 = Debug|Any CPU
		{A773CC0F-CDFE-449F-A0EA-AAC703B41625}.Debug|Any CPU.ActiveCfg = Debug|Any CPU
		{A773CC0F-CDFE-449F-A0EA-AAC703B41625}.Debug|Any CPU.Build.0 = Debug|Any CPU
		{A773CC0F-CDFE-449F-A0EA-AAC703B41625}.Debug|x64.ActiveCfg = Debug|Any CPU
		{A773CC0F-CDFE-449F-A0EA-AAC703B41625}.Debug|x64.Build.0 = Debug|Any CPU
		{A773CC0F-CDFE-449F-A0EA-AAC703B41625}.Release|Any CPU.ActiveCfg = Release|Any CPU
		{A773CC0F-CDFE-449F-A0EA-AAC703B41625}.Release|Any CPU.Build.0 = Release|Any CPU
		{A773CC0F-CDFE-449F-A0EA-AAC703B41625}.Release|x64.ActiveCfg = Release|Any CPU
		{A773CC0F-CDFE-449F-A0EA-AAC703B41625}.Release|x64.Build.0 = Release|Any CPU
	EndGlobalSection
	GlobalSection(SolutionProperties) = preSolution
		HideSolutionNode = FALSE
	EndGlobalSection
	GlobalSection(ExtensibilityGlobals) = postSolution
		SolutionGuid = {3D488AA4-9D44-4583-A3FE-222E4260820E}
	EndGlobalSection
EndGlobal
